
Microsoft Visual Studio Solution File, Format Version 12.00
# Visual Studio Version 16
VisualStudioVersion = 16.0.31025.194
MinimumVisualStudioVersion = 10.0.40219.1
Project("{FAE04EC0-301F-11D3-BF4B-00C04F79EFBC}") = "LookAndSaySequence", "LookAndSaySequence\LookAndSaySequence.csproj", "{F5A1499B-C454-4E2E-AAB9-45688CE3441E}"
EndProject
Global
	GlobalSection(SolutionConfigurationPlatforms) = preSolution
		Debug|Any CPU = Debug|Any CPU
		Release|Any CPU = Release|Any CPU
	EndGlobalSection
	GlobalSection(ProjectConfigurationPlatforms) = postSolution
		{F5A1499B-C454-4E2E-AAB9-45688CE3441E}.Debug|Any CPU.ActiveCfg = Debug|Any CPU
		{F5A1499B-C454-4E2E-AAB9-45688CE3441E}.Debug|Any CPU.Build.0 = Debug|Any CPU
		{F5A1499B-C454-4E2E-AAB9-45688CE3441E}.Release|Any CPU.ActiveCfg = Release|Any CPU
		{F5A1499B-C454-4E2E-AAB9-45688CE3441E}.Release|Any CPU.Build.0 = Release|Any CPU
	EndGlobalSection
	GlobalSection(SolutionProperties) = preSolution
		HideSolutionNode = FALSE
	EndGlobalSection
	GlobalSection(ExtensibilityGlobals) = postSolution
		SolutionGuid = {A12B15E2-0340-4FF8-909E-0A898664F320}
	EndGlobalSection
EndGlobal
